
Microsoft Visual Studio Solution File, Format Version 12.00
# Visual Studio Version 17
VisualStudioVersion = 17.0.32014.148
MinimumVisualStudioVersion = 10.0.40219.1
Project("{9A19103F-16F7-4668-BE54-9A1E7A4F7556}") = "CA.WebApi", "CA.WebApi\CA.WebApi.csproj", "{1E7C5A23-3EB5-4AAC-9DAD-C250A8ECC83E}"
EndProject
Project("{2150E333-8FDC-42A3-9474-1A3956D46DE8}") = "01.CA.WebApi", "01.CA.WebApi", "{C4C1901A-C3C3-417E-8651-6E48841FA471}"
EndProject
Project("{2150E333-8FDC-42A3-9474-1A3956D46DE8}") = "02.CA.Manager", "02.CA.Manager", "{500C02FF-A3E4-4392-B816-B647D81014BF}"
EndProject
Project("{2150E333-8FDC-42A3-9474-1A3956D46DE8}") = "03.CA.Data", "03.CA.Data", "{53AB57DD-8848-4088-A712-CAA444D68868}"
EndProject
Project("{2150E333-8FDC-42A3-9474-1A3956D46DE8}") = "04.CA.Core", "04.CA.Core", "{5717F1B1-537C-4AAB-91FD-950030D1235D}"
EndProject
Project("{2150E333-8FDC-42A3-9474-1A3956D46DE8}") = "05.Tests", "05.Tests", "{A87153F2-6FC9-494A-9984-9878D17D29EB}"
EndProject
Project("{9A19103F-16F7-4668-BE54-9A1E7A4F7556}") = "CA.Manager", "CA.Manager\CA.Manager.csproj", "{061D9766-4138-4450-95FA-3C82B75878C6}"
EndProject
Project("{9A19103F-16F7-4668-BE54-9A1E7A4F7556}") = "CA.Data", "CA.Data\CA.Data.csproj", "{B8CE8D16-239D-4065-B7A6-5DF42EC20AE0}"
EndProject
Project("{9A19103F-16F7-4668-BE54-9A1E7A4F7556}") = "CA.Core", "CA.Core\CA.Core.csproj", "{D0EDB2E8-17DD-45DC-B3AC-79779F44C06D}"
EndProject
Project("{9A19103F-16F7-4668-BE54-9A1E7A4F7556}") = "CA.Tests", "CA.Tests\CA.Tests.csproj", "{3E976D48-AB9C-48A9-B126-80B45150102D}"
EndProject
Global
	GlobalSection(SolutionConfigurationPlatforms) = preSolution
		Debug|Any CPU = Debug|Any CPU
		Release|Any CPU = Release|Any CPU
	EndGlobalSection
	GlobalSection(ProjectConfigurationPlatforms) = postSolution
		{1E7C5A23-3EB5-4AAC-9DAD-C250A8ECC83E}.Debug|Any CPU.ActiveCfg = Debug|Any CPU
		{1E7C5A23-3EB5-4AAC-9DAD-C250A8ECC83E}.Debug|Any CPU.Build.0 = Debug|Any CPU
		{1E7C5A23-3EB5-4AAC-9DAD-C250A8ECC83E}.Release|Any CPU.ActiveCfg = Release|Any CPU
		{1E7C5A23-3EB5-4AAC-9DAD-C250A8ECC83E}.Release|Any CPU.Build.0 = Release|Any CPU
		{061D9766-4138-4450-95FA-3C82B75878C6}.Debug|Any CPU.ActiveCfg = Debug|Any CPU
		{061D9766-4138-4450-95FA-3C82B75878C6}.Debug|Any CPU.Build.0 = Debug|Any CPU
		{061D9766-4138-4450-95FA-3C82B75878C6}.Release|Any CPU.ActiveCfg = Release|Any CPU
		{061D9766-4138-4450-95FA-3C82B75878C6}.Release|Any CPU.Build.0 = Release|Any CPU
		{B8CE8D16-239D-4065-B7A6-5DF42EC20AE0}.Debug|Any CPU.ActiveCfg = Debug|Any CPU
		{B8CE8D16-239D-4065-B7A6-5DF42EC20AE0}.Debug|Any CPU.Build.0 = Debug|Any CPU
		{B8CE8D16-239D-4065-B7A6-5DF42EC20AE0}.Release|Any CPU.ActiveCfg = Release|Any CPU
		{B8CE8D16-239D-4065-B7A6-5DF42EC20AE0}.Release|Any CPU.Build.0 = Release|Any CPU
		{D0EDB2E8-17DD-45DC-B3AC-79779F44C06D}.Debug|Any CPU.ActiveCfg = Debug|Any CPU
		{D0EDB2E8-17DD-45DC-B3AC-79779F44C06D}.Debug|Any CPU.Build.0 = Debug|Any CPU
		{D0EDB2E8-17DD-45DC-B3AC-79779F44C06D}.Release|Any CPU.ActiveCfg = Release|Any CPU
		{D0EDB2E8-17DD-45DC-B3AC-79779F44C06D}.Release|Any CPU.Build.0 = Release|Any CPU
		{3E976D48-AB9C-48A9-B126-80B45150102D}.Debug|Any CPU.ActiveCfg = Debug|Any CPU
		{3E976D48-AB9C-48A9-B126-80B45150102D}.Debug|Any CPU.Build.0 = Debug|Any CPU
		{3E976D48-AB9C-48A9-B126-80B45150102D}.Release|Any CPU.ActiveCfg = Release|Any CPU
		{3E976D48-AB9C-48A9-B126-80B45150102D}.Release|Any CPU.Build.0 = Release|Any CPU
	EndGlobalSection
	GlobalSection(SolutionProperties) = preSolution
		HideSolutionNode = FALSE
	EndGlobalSection
	GlobalSection(NestedProjects) = preSolution
		{1E7C5A23-3EB5-4AAC-9DAD-C250A8ECC83E} = {C4C1901A-C3C3-417E-8651-6E48841FA471}
		{061D9766-4138-4450-95FA-3C82B75878C6} = {500C02FF-A3E4-4392-B816-B647D81014BF}
		{B8CE8D16-239D-4065-B7A6-5DF42EC20AE0} = {53AB57DD-8848-4088-A712-CAA444D68868}
		{D0EDB2E8-17DD-45DC-B3AC-79779F44C06D} = {5717F1B1-537C-4AAB-91FD-950030D1235D}
		{3E976D48-AB9C-48A9-B126-80B45150102D} = {A87153F2-6FC9-494A-9984-9878D17D29EB}
	EndGlobalSection
	GlobalSection(ExtensibilityGlobals) = postSolution
		SolutionGuid = {15DD0972-3EC1-4FFB-81C4-6D0DD9D7B66E}
	EndGlobalSection
EndGlobal
